lockfileVersion: '9.0'

settings:
  autoInstallPeers: true
  excludeLinksFromLockfile: false

importers:

  .:
    dependencies:
      typescript:
        specifier: 5.8.0-beta
        version: 5.8.0-beta

packages:

  typescript@5.8.0-beta:
    resolution: {integrity: sha512-7VGUiBOGi+BYhiuy3iITIgu6m2wVW2Vb4CW+OJsW6OJS/TgvezKbAN3WBfiSErE8QOLdce0ilm6VANMkzNWW1A==}
    engines: {node: '>=14.17'}
    hasBin: true

snapshots:

  typescript@5.8.0-beta: {}
